
Microsoft Visual Studio Solution File, Format Version 12.00
# Visual Studio Version 16
VisualStudioVersion = 16.0.30225.117
MinimumVisualStudioVersion = 10.0.40219.1
Project("{FAE04EC0-301F-11D3-BF4B-00C04F79EFBC}") = "BookListRazor.Web", "BookListRazor.Web\BookListRazor.Web.csproj", "{5A615A03-30B9-41E1-8ADE-2AF70B980996}"
EndProject
Global
	GlobalSection(SolutionConfigurationPlatforms) = preSolution
		Debug|Any CPU = Debug|Any CPU
		Release|Any CPU = Release|Any CPU
	EndGlobalSection
	GlobalSection(ProjectConfigurationPlatforms) = postSolution
		{5A615A03-30B9-41E1-8ADE-2AF70B980996}.Debug|Any CPU.ActiveCfg = Debug|Any CPU
		{5A615A03-30B9-41E1-8ADE-2AF70B980996}.Debug|Any CPU.Build.0 = Debug|Any CPU
		{5A615A03-30B9-41E1-8ADE-2AF70B980996}.Release|Any CPU.ActiveCfg = Release|Any CPU
		{5A615A03-30B9-41E1-8ADE-2AF70B980996}.Release|Any CPU.Build.0 = Release|Any CPU
	EndGlobalSection
	GlobalSection(SolutionProperties) = preSolution
		HideSolutionNode = FALSE
	EndGlobalSection
	GlobalSection(ExtensibilityGlobals) = postSolution
		SolutionGuid = {03E5F1A4-3CC4-4DE7-ACA4-D6C0FF9BE8EE}
	EndGlobalSection
EndGlobal
